
Microsoft Visual Studio Solution File, Format Version 12.00
# Visual Studio Version 16
VisualStudioVersion = 16.0.30204.135
MinimumVisualStudioVersion = 10.0.40219.1
Project("{9A19103F-16F7-4668-BE54-9A1E7A4F7556}") = "Ecommerce-App", "Ecommerce-App\Ecommerce-App.csproj", "{3A64A807-8D7D-453F-AD7A-F9F7869E67D9}"
EndProject
Project("{FAE04EC0-301F-11D3-BF4B-00C04F79EFBC}") = "EcommerceApplicationTesting", "EcommerceApplicationTesting\EcommerceApplicationTesting.csproj", "{6392A400-1BEE-487E-A79B-0CF3F209DFF1}"
EndProject
Global
	GlobalSection(SolutionConfigurationPlatforms) = preSolution
		Debug|Any CPU = Debug|Any CPU
		Release|Any CPU = Release|Any CPU
	EndGlobalSection
	GlobalSection(ProjectConfigurationPlatforms) = postSolution
		{3A64A807-8D7D-453F-AD7A-F9F7869E67D9}.Debug|Any CPU.ActiveCfg = Debug|Any CPU
		{3A64A807-8D7D-453F-AD7A-F9F7869E67D9}.Debug|Any CPU.Build.0 = Debug|Any CPU
		{3A64A807-8D7D-453F-AD7A-F9F7869E67D9}.Release|Any CPU.ActiveCfg = Release|Any CPU
		{3A64A807-8D7D-453F-AD7A-F9F7869E67D9}.Release|Any CPU.Build.0 = Release|Any CPU
		{6392A400-1BEE-487E-A79B-0CF3F209DFF1}.Debug|Any CPU.ActiveCfg = Debug|Any CPU
		{6392A400-1BEE-487E-A79B-0CF3F209DFF1}.Debug|Any CPU.Build.0 = Debug|Any CPU
		{6392A400-1BEE-487E-A79B-0CF3F209DFF1}.Release|Any CPU.ActiveCfg = Release|Any CPU
		{6392A400-1BEE-487E-A79B-0CF3F209DFF1}.Release|Any CPU.Build.0 = Release|Any CPU
	EndGlobalSection
	GlobalSection(SolutionProperties) = preSolution
		HideSolutionNode = FALSE
	EndGlobalSection
	GlobalSection(ExtensibilityGlobals) = postSolution
		SolutionGuid = {591BC1A3-C01E-42A5-9D6D-7A3E7C955893}
	EndGlobalSection
EndGlobal
